
Microsoft Visual Studio Solution File, Format Version 12.00
# Visual Studio Version 17
VisualStudioVersion = 17.4.33213.308
MinimumVisualStudioVersion = 10.0.40219.1
Project("{FAE04EC0-301F-11D3-BF4B-00C04F79EFBC}") = "batch_translator", "batch_translator\batch_translator.csproj", "{1E7D7112-57BF-4C4D-ABC2-70B00C790F77}"
EndProject
Global
	GlobalSection(SolutionConfigurationPlatforms) = preSolution
		Debug|Any CPU = Debug|Any CPU
		Release|Any CPU = Release|Any CPU
	EndGlobalSection
	GlobalSection(ProjectConfigurationPlatforms) = postSolution
		{1E7D7112-57BF-4C4D-ABC2-70B00C790F77}.Debug|Any CPU.ActiveCfg = Debug|Any CPU
		{1E7D7112-57BF-4C4D-ABC2-70B00C790F77}.Debug|Any CPU.Build.0 = Debug|Any CPU
		{1E7D7112-57BF-4C4D-ABC2-70B00C790F77}.Release|Any CPU.ActiveCfg = Release|Any CPU
		{1E7D7112-57BF-4C4D-ABC2-70B00C790F77}.Release|Any CPU.Build.0 = Release|Any CPU
	EndGlobalSection
	GlobalSection(SolutionProperties) = preSolution
		HideSolutionNode = FALSE
	EndGlobalSection
	GlobalSection(ExtensibilityGlobals) = postSolution
		SolutionGuid = {96CEEC64-950E-4AF4-96CD-E5A5E514C8ED}
	EndGlobalSection
EndGlobal
